// !$*UTF8*$!
{
	archiveVersion = 1;
	classes = {
	};
	objectVersion = 56;
	objects = {

/* Begin PBXBuildFile section */
		B79B68D528F2C33500AC680D /* UserDefault+Ex.swift in Sources */ = {isa = PBXBuildFile; fileRef = B79B68D428F2C33500AC680D /* UserDefault+Ex.swift */; };
		B79B68D628F2C33500AC680D /* UserDefault+Ex.swift in Sources */ = {isa = PBXBuildFile; fileRef = B79B68D428F2C33500AC680D /* UserDefault+Ex.swift */; };
		B7A00C6928F2A7C100B90137 /* AppDelegate.swift in Sources */ = {isa = PBXBuildFile; fileRef = B7A00C6828F2A7C100B90137 /* AppDelegate.swift */; };
		B7A00C6B28F2A7C100B90137 /* SceneDelegate.swift in Sources */ = {isa = PBXBuildFile; fileRef = B7A00C6A28F2A7C100B90137 /* SceneDelegate.swift */; };
		B7A00C6D28F2A7C100B90137 /* ViewController.swift in Sources */ = {isa = PBXBuildFile; fileRef = B7A00C6C28F2A7C100B90137 /* ViewController.swift */; };
		B7A00C7028F2A7C100B90137 /* Main.storyboard in Resources */ = {isa = PBXBuildFile; fileRef = B7A00C6E28F2A7C100B90137 /* Main.storyboard */; };
		B7A00C7228F2A7C300B90137 /* Assets.xcassets in Resources */ = {isa = PBXBuildFile; fileRef = B7A00C7128F2A7C300B90137 /* Assets.xcassets */; };
		B7A00C7528F2A7C300B90137 /* LaunchScreen.storyboard in Resources */ = {isa = PBXBuildFile; fileRef = B7A00C7328F2A7C300B90137 /* LaunchScreen.storyboard */; };
		B7A00C8028F2A7C300B90137 /* pipStockerTests.swift in Sources */ = {isa = PBXBuildFile; fileRef = B7A00C7F28F2A7C300B90137 /* pipStockerTests.swift */; };
		B7A00C8A28F2A7C300B90137 /* pipStockerUITests.swift in Sources */ = {isa = PBXBuildFile; fileRef = B7A00C8928F2A7C300B90137 /* pipStockerUITests.swift */; };
		B7A00C8C28F2A7C300B90137 /* pipStockerUITestsLaunchTests.swift in Sources */ = {isa = PBXBuildFile; fileRef = B7A00C8B28F2A7C300B90137 /* pipStockerUITestsLaunchTests.swift */; };
		B7A00C9F28F2B0E300B90137 /* ShareViewController.swift in Sources */ = {isa = PBXBuildFile; fileRef = B7A00C9E28F2B0E300B90137 /* ShareViewController.swift */; };
		B7A00CA228F2B0E300B90137 /* MainInterface.storyboard in Resources */ = {isa = PBXBuildFile; fileRef = B7A00CA028F2B0E300B90137 /* MainInterface.storyboard */; };
		B7A00CA628F2B0E300B90137 /* pipStocker-extension.appex in Embed Foundation Extensions */ = {isa = PBXBuildFile; fileRef = B7A00C9C28F2B0E300B90137 /* pipStocker-extension.appex */; settings = {ATTRIBUTES = (RemoveHeadersOnCopy, ); }; };
		B7E1FDE428F2D74F0036F6D3 /* String+Ex.swift in Sources */ = {isa = PBXBuildFile; fileRef = B7E1FDE328F2D74F0036F6D3 /* String+Ex.swift */; };
/* End PBXBuildFile section */

/* Begin PBXContainerItemProxy section */
		B7A00C7C28F2A7C300B90137 /* PBXContainerItemProxy */ = {
			isa = PBXContainerItemProxy;
			containerPortal = B7A00C5D28F2A7C100B90137 /* Project object */;
			proxyType = 1;
			remoteGlobalIDString = B7A00C6428F2A7C100B90137;
			remoteInfo = pipStocker;
		};
		B7A00C8628F2A7C300B90137 /* PBXContainerItemProxy */ = {
			isa = PBXContainerItemProxy;
			containerPortal = B7A00C5D28F2A7C100B90137 /* Project object */;
			proxyType = 1;
			remoteGlobalIDString = B7A00C6428F2A7C100B90137;
			remoteInfo = pipStocker;
		};
		B7A00CA428F2B0E300B90137 /* PBXContainerItemProxy */ = {
			isa = PBXContainerItemProxy;
			containerPortal = B7A00C5D28F2A7C100B90137 /* Project object */;
			proxyType = 1;
			remoteGlobalIDString = B7A00C9B28F2B0E300B90137;
			remoteInfo = "pipStocker-extension";
		};
/* End PBXContainerItemProxy section */

/* Begin PBXCopyFilesBuildPhase section */
		B7A00CAA28F2B0E300B90137 /* Embed Foundation Extensions */ = {
			isa = PBXCopyFilesBuildPhase;
			buildActionMask = 2147483647;
			dstPath = "";
			dstSubfolderSpec = 13;
			files = (
				B7A00CA628F2B0E300B90137 /* pipStocker-extension.appex in Embed Foundation Extensions */,
			);
			name = "Embed Foundation Extensions";
			runOnlyForDeploymentPostprocessing = 0;
		};
/* End PBXCopyFilesBuildPhase section */

/* Begin PBXFileReference section */
		B79B68D428F2C33500AC680D /* UserDefault+Ex.swift */ = {isa = PBXFileReference; lastKnownFileType = sourcecode.swift; path = "UserDefault+Ex.swift"; sourceTree = "<group>"; };
		B7A00C6528F2A7C100B90137 /* pipStocker.app */ = {isa = PBXFileReference; explicitFileType = wrapper.application; includeInIndex = 0; path = pipStocker.app; sourceTree = BUILT_PRODUCTS_DIR; };
		B7A00C6828F2A7C100B90137 /* AppDelegate.swift */ = {isa = PBXFileReference; lastKnownFileType = sourcecode.swift; path = AppDelegate.swift; sourceTree = "<group>"; };
		B7A00C6A28F2A7C100B90137 /* SceneDelegate.swift */ = {isa = PBXFileReference; lastKnownFileType = sourcecode.swift; path = SceneDelegate.swift; sourceTree = "<group>"; };
		B7A00C6C28F2A7C100B90137 /* ViewController.swift */ = {isa = PBXFileReference; lastKnownFileType = sourcecode.swift; path = ViewController.swift; sourceTree = "<group>"; };
		B7A00C6F28F2A7C100B90137 /* Base */ = {isa = PBXFileReference; lastKnownFileType = file.storyboard; name = Base; path = Base.lproj/Main.storyboard; sourceTree = "<group>"; };
		B7A00C7128F2A7C300B90137 /* Assets.xcassets */ = {isa = PBXFileReference; lastKnownFileType = folder.assetcatalog; path = Assets.xcassets; sourceTree = "<group>"; };
		B7A00C7428F2A7C300B90137 /* Base */ = {isa = PBXFileReference; lastKnownFileType = file.storyboard; name = Base; path = Base.lproj/LaunchScreen.storyboard; sourceTree = "<group>"; };
		B7A00C7628F2A7C300B90137 /* Info.plist */ = {isa = PBXFileReference; lastKnownFileType = text.plist.xml; path = Info.plist; sourceTree = "<group>"; };
		B7A00C7B28F2A7C300B90137 /* pipStockerTests.xctest */ = {isa = PBXFileReference; explicitFileType = wrapper.cfbundle; includeInIndex = 0; path = pipStockerTests.xctest; sourceTree = BUILT_PRODUCTS_DIR; };
		B7A00C7F28F2A7C300B90137 /* pipStockerTests.swift */ = {isa = PBXFileReference; lastKnownFileType = sourcecode.swift; path = pipStockerTests.swift; sourceTree = "<group>"; };
		B7A00C8528F2A7C300B90137 /* pipStockerUITests.xctest */ = {isa = PBXFileReference; explicitFileType = wrapper.cfbundle; includeInIndex = 0; path = pipStockerUITests.xctest; sourceTree = BUILT_PRODUCTS_DIR; };
		B7A00C8928F2A7C300B90137 /* pipStockerUITests.swift */ = {isa = PBXFileReference; lastKnownFileType = sourcecode.swift; path = pipStockerUITests.swift; sourceTree = "<group>"; };
		B7A00C8B28F2A7C300B90137 /* pipStockerUITestsLaunchTests.swift */ = {isa = PBXFileReference; lastKnownFileType = sourcecode.swift; path = pipStockerUITestsLaunchTests.swift; sourceTree = "<group>"; };
		B7A00C9C28F2B0E300B90137 /* pipStocker-extension.appex */ = {isa = PBXFileReference; explicitFileType = "wrapper.app-extension"; includeInIndex = 0; path = "pipStocker-extension.appex"; sourceTree = BUILT_PRODUCTS_DIR; };
		B7A00C9E28F2B0E300B90137 /* ShareViewController.swift */ = {isa = PBXFileReference; lastKnownFileType = sourcecode.swift; path = ShareViewController.swift; sourceTree = "<group>"; };
		B7A00CA128F2B0E300B90137 /* Base */ = {isa = PBXFileReference; lastKnownFileType = file.storyboard; name = Base; path = Base.lproj/MainInterface.storyboard; sourceTree = "<group>"; };
		B7A00CA328F2B0E300B90137 /* Info.plist */ = {isa = PBXFileReference; lastKnownFileType = text.plist.xml; path = Info.plist; sourceTree = "<group>"; };
		B7A00CAB28F2B70C00B90137 /* pipStocker-extension.entitlements */ = {isa = PBXFileReference; lastKnownFileType = text.plist.entitlements; path = "pipStocker-extension.entitlements"; sourceTree = "<group>"; };
		B7A00CAC28F2B77700B90137 /* pipStocker.entitlements */ = {isa = PBXFileReference; lastKnownFileType = text.plist.entitlements; path = pipStocker.entitlements; sourceTree = "<group>"; };
		B7E1FDE328F2D74F0036F6D3 /* String+Ex.swift */ = {isa = PBXFileReference; lastKnownFileType = sourcecode.swift; path = "String+Ex.swift"; sourceTree = "<group>"; };
/* End PBXFileReference section */

/* Begin PBXFrameworksBuildPhase section */
		B7A00C6228F2A7C100B90137 /* Frameworks */ = {
			isa = PBXFrameworksBuildPhase;
			buildActionMask = 2147483647;
			files = (
			);
			runOnlyForDeploymentPostprocessing = 0;
		};
		B7A00C7828F2A7C300B90137 /* Frameworks */ = {
			isa = PBXFrameworksBuildPhase;
			buildActionMask = 2147483647;
			files = (
			);
			runOnlyForDeploymentPostprocessing = 0;
		};
		B7A00C8228F2A7C300B90137 /* Frameworks */ = {
			isa = PBXFrameworksBuildPhase;
			buildActionMask = 2147483647;
			files = (
			);
			runOnlyForDeploymentPostprocessing = 0;
		};
		B7A00C9928F2B0E300B90137 /* Frameworks */ = {
			isa = PBXFrameworksBuildPhase;
			buildActionMask = 2147483647;
			files = (
			);
			runOnlyForDeploymentPostprocessing = 0;
		};
/* End PBXFrameworksBuildPhase section */

/* Begin PBXGroup section */
		B7A00C5C28F2A7C100B90137 = {
			isa = PBXGroup;
			children = (
				B7A00C6728F2A7C100B90137 /* pipStocker */,
				B7A00C7E28F2A7C300B90137 /* pipStockerTests */,
				B7A00C8828F2A7C300B90137 /* pipStockerUITests */,
				B7A00C9D28F2B0E300B90137 /* pipStocker-extension */,
				B7A00C6628F2A7C100B90137 /* Products */,
			);
			sourceTree = "<group>";
		};
		B7A00C6628F2A7C100B90137 /* Products */ = {
			isa = PBXGroup;
			children = (
				B7A00C6528F2A7C100B90137 /* pipStocker.app */,
				B7A00C7B28F2A7C300B90137 /* pipStockerTests.xctest */,
				B7A00C8528F2A7C300B90137 /* pipStockerUITests.xctest */,
				B7A00C9C28F2B0E300B90137 /* pipStocker-extension.appex */,
			);
			name = Products;
			sourceTree = "<group>";
		};
		B7A00C6728F2A7C100B90137 /* pipStocker */ = {
			isa = PBXGroup;
			children = (
				B7A00CAC28F2B77700B90137 /* pipStocker.entitlements */,
				B7A00C6828F2A7C100B90137 /* AppDelegate.swift */,
				B7A00C6A28F2A7C100B90137 /* SceneDelegate.swift */,
				B7A00C6C28F2A7C100B90137 /* ViewController.swift */,
				B79B68D428F2C33500AC680D /* UserDefault+Ex.swift */,
				B7A00C6E28F2A7C100B90137 /* Main.storyboard */,
				B7A00C7128F2A7C300B90137 /* Assets.xcassets */,
				B7A00C7328F2A7C300B90137 /* LaunchScreen.storyboard */,
				B7A00C7628F2A7C300B90137 /* Info.plist */,
			);
			path = pipStocker;
			sourceTree = "<group>";
		};
		B7A00C7E28F2A7C300B90137 /* pipStockerTests */ = {
			isa = PBXGroup;
			children = (
				B7A00C7F28F2A7C300B90137 /* pipStockerTests.swift */,
			);
			path = pipStockerTests;
			sourceTree = "<group>";
		};
		B7A00C8828F2A7C300B90137 /* pipStockerUITests */ = {
			isa = PBXGroup;
			children = (
				B7A00C8928F2A7C300B90137 /* pipStockerUITests.swift */,
				B7A00C8B28F2A7C300B90137 /* pipStockerUITestsLaunchTests.swift */,
			);
			path = pipStockerUITests;
			sourceTree = "<group>";
		};
		B7A00C9D28F2B0E300B90137 /* pipStocker-extension */ = {
			isa = PBXGroup;
			children = (
				B7A00CAB28F2B70C00B90137 /* pipStocker-extension.entitlements */,
				B7A00C9E28F2B0E300B90137 /* ShareViewController.swift */,
				B7E1FDE328F2D74F0036F6D3 /* String+Ex.swift */,
				B7A00CA028F2B0E300B90137 /* MainInterface.storyboard */,
				B7A00CA328F2B0E300B90137 /* Info.plist */,
			);
			path = "pipStocker-extension";
			sourceTree = "<group>";
		};
/* End PBXGroup section */

/* Begin PBXNativeTarget section */
		B7A00C6428F2A7C100B90137 /* pipStocker */ = {
			isa = PBXNativeTarget;
			buildConfigurationList = B7A00C8F28F2A7C300B90137 /* Build configuration list for PBXNativeTarget "pipStocker" */;
			buildPhases = (
				B7A00C6128F2A7C100B90137 /* Sources */,
				B7A00C6228F2A7C100B90137 /* Frameworks */,
				B7A00C6328F2A7C100B90137 /* Resources */,
				B7A00CAA28F2B0E300B90137 /* Embed Foundation Extensions */,
			);
			buildRules = (
			);
			dependencies = (
				B7A00CA528F2B0E300B90137 /* PBXTargetDependency */,
			);
			name = pipStocker;
			productName = pipStocker;
			productReference = B7A00C6528F2A7C100B90137 /* pipStocker.app */;
			productType = "com.apple.product-type.application";
		};
		B7A00C7A28F2A7C300B90137 /* pipStockerTests */ = {
			isa = PBXNativeTarget;
			buildConfigurationList = B7A00C9228F2A7C300B90137 /* Build configuration list for PBXNativeTarget "pipStockerTests" */;
			buildPhases = (
				B7A00C7728F2A7C300B90137 /* Sources */,
				B7A00C7828F2A7C300B90137 /* Frameworks */,
				B7A00C7928F2A7C300B90137 /* Resources */,
			);
			buildRules = (
			);
			dependencies = (
				B7A00C7D28F2A7C300B90137 /* PBXTargetDependency */,
			);
			name = pipStockerTests;
			productName = pipStockerTests;
			productReference = B7A00C7B28F2A7C300B90137 /* pipStockerTests.xctest */;
			productType = "com.apple.product-type.bundle.unit-test";
		};
		B7A00C8428F2A7C300B90137 /* pipStockerUITests */ = {
			isa = PBXNativeTarget;
			buildConfigurationList = B7A00C9528F2A7C300B90137 /* Build configuration list for PBXNativeTarget "pipStockerUITests" */;
			buildPhases = (
				B7A00C8128F2A7C300B90137 /* Sources */,
				B7A00C8228F2A7C300B90137 /* Frameworks */,
				B7A00C8328F2A7C300B90137 /* Resources */,
			);
			buildRules = (
			);
			dependencies = (
				B7A00C8728F2A7C300B90137 /* PBXTargetDependency */,
			);
			name = pipStockerUITests;
			productName = pipStockerUITests;
			productReference = B7A00C8528F2A7C300B90137 /* pipStockerUITests.xctest */;
			productType = "com.apple.product-type.bundle.ui-testing";
		};
		B7A00C9B28F2B0E300B90137 /* pipStocker-extension */ = {
			isa = PBXNativeTarget;
			buildConfigurationList = B7A00CA728F2B0E300B90137 /* Build configuration list for PBXNativeTarget "pipStocker-extension" */;
			buildPhases = (
				B7A00C9828F2B0E300B90137 /* Sources */,
				B7A00C9928F2B0E300B90137 /* Frameworks */,
				B7A00C9A28F2B0E300B90137 /* Resources */,
			);
			buildRules = (
			);
			dependencies = (
			);
			name = "pipStocker-extension";
			productName = "pipStocker-extension";
			productReference = B7A00C9C28F2B0E300B90137 /* pipStocker-extension.appex */;
			productType = "com.apple.product-type.app-extension";
		};
/* End PBXNativeTarget section */

/* Begin PBXProject section */
		B7A00C5D28F2A7C100B90137 /* Project object */ = {
			isa = PBXProject;
			attributes = {
				BuildIndependentTargetsInParallel = 1;
				LastSwiftUpdateCheck = 1400;
				LastUpgradeCheck = 1400;
				TargetAttributes = {
					B7A00C6428F2A7C100B90137 = {
						CreatedOnToolsVersion = 14.0.1;
					};
					B7A00C7A28F2A7C300B90137 = {
						CreatedOnToolsVersion = 14.0.1;
						TestTargetID = B7A00C6428F2A7C100B90137;
					};
					B7A00C8428F2A7C300B90137 = {
						CreatedOnToolsVersion = 14.0.1;
						TestTargetID = B7A00C6428F2A7C100B90137;
					};
					B7A00C9B28F2B0E300B90137 = {
						CreatedOnToolsVersion = 14.0.1;
					};
				};
			};
			buildConfigurationList = B7A00C6028F2A7C100B90137 /* Build configuration list for PBXProject "pipStocker" */;
			compatibilityVersion = "Xcode 14.0";
			developmentRegion = en;
			hasScannedForEncodings = 0;
			knownRegions = (
				en,
				Base,
			);
			mainGroup = B7A00C5C28F2A7C100B90137;
			productRefGroup = B7A00C6628F2A7C100B90137 /* Products */;
			projectDirPath = "";
			projectRoot = "";
			targets = (
				B7A00C6428F2A7C100B90137 /* pipStocker */,
				B7A00C7A28F2A7C300B90137 /* pipStockerTests */,
				B7A00C8428F2A7C300B90137 /* pipStockerUITests */,
				B7A00C9B28F2B0E300B90137 /* pipStocker-extension */,
			);
		};
/* End PBXProject section */

/* Begin PBXResourcesBuildPhase section */
		B7A00C6328F2A7C100B90137 /* Resources */ = {
			isa = PBXResourcesBuildPhase;
			buildActionMask = 2147483647;
			files = (
				B7A00C7528F2A7C300B90137 /* LaunchScreen.storyboard in Resources */,
				B7A00C7228F2A7C300B90137 /* Assets.xcassets in Resources */,
				B7A00C7028F2A7C100B90137 /* Main.storyboard in Resources */,
			);
			runOnlyForDeploymentPostprocessing = 0;
		};
		B7A00C7928F2A7C300B90137 /* Resources */ = {
			isa = PBXResourcesBuildPhase;
			buildActionMask = 2147483647;
			files = (
			);
			runOnlyForDeploymentPostprocessing = 0;
		};
		B7A00C8328F2A7C300B90137 /* Resources */ = {
			isa = PBXResourcesBuildPhase;
			buildActionMask = 2147483647;
			files = (
			);
			runOnlyForDeploymentPostprocessing = 0;
		};
		B7A00C9A28F2B0E300B90137 /* Resources */ = {
			isa = PBXResourcesBuildPhase;
			buildActionMask = 2147483647;
			files = (
				B7A00CA228F2B0E300B90137 /* MainInterface.storyboard in Resources */,
			);
			runOnlyForDeploymentPostprocessing = 0;
		};
/* End PBXResourcesBuildPhase section */

/* Begin PBXSourcesBuildPhase section */
		B7A00C6128F2A7C100B90137 /* Sources */ = {
			isa = PBXSourcesBuildPhase;
			buildActionMask = 2147483647;
			files = (
				B7A00C6D28F2A7C100B90137 /* ViewController.swift in Sources */,
				B7A00C6928F2A7C100B90137 /* AppDelegate.swift in Sources */,
				B7A00C6B28F2A7C100B90137 /* SceneDelegate.swift in Sources */,
				B79B68D528F2C33500AC680D /* UserDefault+Ex.swift in Sources */,
			);
			runOnlyForDeploymentPostprocessing = 0;
		};
		B7A00C7728F2A7C300B90137 /* Sources */ = {
			isa = PBXSourcesBuildPhase;
			buildActionMask = 2147483647;
			files = (
				B7A00C8028F2A7C300B90137 /* pipStockerTests.swift in Sources */,
			);
			runOnlyForDeploymentPostprocessing = 0;
		};
		B7A00C8128F2A7C300B90137 /* Sources */ = {
			isa = PBXSourcesBuildPhase;
			buildActionMask = 2147483647;
			files = (
				B7A00C8C28F2A7C300B90137 /* pipStockerUITestsLaunchTests.swift in Sources */,
				B7A00C8A28F2A7C300B90137 /* pipStockerUITests.swift in Sources */,
			);
			runOnlyForDeploymentPostprocessing = 0;
		};
		B7A00C9828F2B0E300B90137 /* Sources */ = {
			isa = PBXSourcesBuildPhase;
			buildActionMask = 2147483647;
			files = (
				B7E1FDE428F2D74F0036F6D3 /* String+Ex.swift in Sources */,
				B7A00C9F28F2B0E300B90137 /* ShareViewController.swift in Sources */,
				B79B68D628F2C33500AC680D /* UserDefault+Ex.swift in Sources */,
			);
			runOnlyForDeploymentPostprocessing = 0;
		};
/* End PBXSourcesBuildPhase section */

/* Begin PBXTargetDependency section */
		B7A00C7D28F2A7C300B90137 /* PBXTargetDependency */ = {
			isa = PBXTargetDependency;
			target = B7A00C6428F2A7C100B90137 /* pipStocker */;
			targetProxy = B7A00C7C28F2A7C300B90137 /* PBXContainerItemProxy */;
		};
		B7A00C8728F2A7C300B90137 /* PBXTargetDependency */ = {
			isa = PBXTargetDependency;
			target = B7A00C6428F2A7C100B90137 /* pipStocker */;
			targetProxy = B7A00C8628F2A7C300B90137 /* PBXContainerItemProxy */;
		};
		B7A00CA528F2B0E300B90137 /* PBXTargetDependency */ = {
			isa = PBXTargetDependency;
			target = B7A00C9B28F2B0E300B90137 /* pipStocker-extension */;
			targetProxy = B7A00CA428F2B0E300B90137 /* PBXContainerItemProxy */;
		};
/* End PBXTargetDependency section */

/* Begin PBXVariantGroup section */
		B7A00C6E28F2A7C100B90137 /* Main.storyboard */ = {
			isa = PBXVariantGroup;
			children = (
				B7A00C6F28F2A7C100B90137 /* Base */,
			);
			name = Main.storyboard;
			sourceTree = "<group>";
		};
		B7A00C7328F2A7C300B90137 /* LaunchScreen.storyboard */ = {
			isa = PBXVariantGroup;
			children = (
				B7A00C7428F2A7C300B90137 /* Base */,
			);
			name = LaunchScreen.storyboard;
			sourceTree = "<group>";
		};
		B7A00CA028F2B0E300B90137 /* MainInterface.storyboard */ = {
			isa = PBXVariantGroup;
			children = (
				B7A00CA128F2B0E300B90137 /* Base */,
			);
			name = MainInterface.storyboard;
			sourceTree = "<group>";
		};
/* End PBXVariantGroup section */

/* Begin XCBuildConfiguration section */
		B7A00C8D28F2A7C300B90137 /* Debug */ = {
			isa = XCBuildConfiguration;
			buildSettings = {
				ALWAYS_SEARCH_USER_PATHS = NO;
				CLANG_ANALYZER_NONNULL = YES;
				CLANG_ANALYZER_NUMBER_OBJECT_CONVERSION = YES_AGGRESSIVE;
				CLANG_CXX_LANGUAGE_STANDARD = "gnu++20";
				CLANG_ENABLE_MODULES = YES;
				CLANG_ENABLE_OBJC_ARC = YES;
				CLANG_ENABLE_OBJC_WEAK = YES;
				CLANG_WARN_BLOCK_CAPTURE_AUTORELEASING = YES;
				CLANG_WARN_BOOL_CONVERSION = YES;
				CLANG_WARN_COMMA = YES;
				CLANG_WARN_CONSTANT_CONVERSION = YES;
				CLANG_WARN_DEPRECATED_OBJC_IMPLEMENTATIONS = YES;
				CLANG_WARN_DIRECT_OBJC_ISA_USAGE = YES_ERROR;
				CLANG_WARN_DOCUMENTATION_COMMENTS = YES;
				CLANG_WARN_EMPTY_BODY = YES;
				CLANG_WARN_ENUM_CONVERSION = YES;
				CLANG_WARN_INFINITE_RECURSION = YES;
				CLANG_WARN_INT_CONVERSION = YES;
				CLANG_WARN_NON_LITERAL_NULL_CONVERSION = YES;
				CLANG_WARN_OBJC_IMPLICIT_RETAIN_SELF = YES;
				CLANG_WARN_OBJC_LITERAL_CONVERSION = YES;
				CLANG_WARN_OBJC_ROOT_CLASS = YES_ERROR;
				CLANG_WARN_QUOTED_INCLUDE_IN_FRAMEWORK_HEADER = YES;
				CLANG_WARN_RANGE_LOOP_ANALYSIS = YES;
				CLANG_WARN_STRICT_PROTOTYPES = YES;
				CLANG_WARN_SUSPICIOUS_MOVE = YES;
				CLANG_WARN_UNGUARDED_AVAILABILITY = YES_AGGRESSIVE;
				CLANG_WARN_UNREACHABLE_CODE = YES;
				CLANG_WARN__DUPLICATE_METHOD_MATCH = YES;
				COPY_PHASE_STRIP = NO;
				DEBUG_INFORMATION_FORMAT = dwarf;
				ENABLE_STRICT_OBJC_MSGSEND = YES;
				ENABLE_TESTABILITY = YES;
				GCC_C_LANGUAGE_STANDARD = gnu11;
				GCC_DYNAMIC_NO_PIC = NO;
				GCC_NO_COMMON_BLOCKS = YES;
				GCC_OPTIMIZATION_LEVEL = 0;
				GCC_PREPROCESSOR_DEFINITIONS = (
					"DEBUG=1",
					"$(inherited)",
				);
				GCC_WARN_64_TO_32_BIT_CONVERSION = YES;
				GCC_WARN_ABOUT_RETURN_TYPE = YES_ERROR;
				GCC_WARN_UNDECLARED_SELECTOR = YES;
				GCC_WARN_UNINITIALIZED_AUTOS = YES_AGGRESSIVE;
				GCC_WARN_UNUSED_FUNCTION = YES;
				GCC_WARN_UNUSED_VARIABLE = YES;
				IPHONEOS_DEPLOYMENT_TARGET = 16.0;
				MTL_ENABLE_DEBUG_INFO = INCLUDE_SOURCE;
				MTL_FAST_MATH = YES;
				ONLY_ACTIVE_ARCH = YES;
				SDKROOT = iphoneos;
				SWIFT_ACTIVE_COMPILATION_CONDITIONS = DEBUG;
				SWIFT_OPTIMIZATION_LEVEL = "-Onone";
			};
			name = Debug;
		};
		B7A00C8E28F2A7C300B90137 /* Release */ = {
			isa = XCBuildConfiguration;
			buildSettings = {
				ALWAYS_SEARCH_USER_PATHS = NO;
				CLANG_ANALYZER_NONNULL = YES;
				CLANG_ANALYZER_NUMBER_OBJECT_CONVERSION = YES_AGGRESSIVE;
				CLANG_CXX_LANGUAGE_STANDARD = "gnu++20";
				CLANG_ENABLE_MODULES = YES;
				CLANG_ENABLE_OBJC_ARC = YES;
				CLANG_ENABLE_OBJC_WEAK = YES;
				CLANG_WARN_BLOCK_CAPTURE_AUTORELEASING = YES;
				CLANG_WARN_BOOL_CONVERSION = YES;
				CLANG_WARN_COMMA = YES;
				CLANG_WARN_CONSTANT_CONVERSION = YES;
				CLANG_WARN_DEPRECATED_OBJC_IMPLEMENTATIONS = YES;
				CLANG_WARN_DIRECT_OBJC_ISA_USAGE = YES_ERROR;
				CLANG_WARN_DOCUMENTATION_COMMENTS = YES;
				CLANG_WARN_EMPTY_BODY = YES;
				CLANG_WARN_ENUM_CONVERSION = YES;
				CLANG_WARN_INFINITE_RECURSION = YES;
				CLANG_WARN_INT_CONVERSION = YES;
				CLANG_WARN_NON_LITERAL_NULL_CONVERSION = YES;
				CLANG_WARN_OBJC_IMPLICIT_RETAIN_SELF = YES;
				CLANG_WARN_OBJC_LITERAL_CONVERSION = YES;
				CLANG_WARN_OBJC_ROOT_CLASS = YES_ERROR;
				CLANG_WARN_QUOTED_INCLUDE_IN_FRAMEWORK_HEADER = YES;
				CLANG_WARN_RANGE_LOOP_ANALYSIS = YES;
				CLANG_WARN_STRICT_PROTOTYPES = YES;
				CLANG_WARN_SUSPICIOUS_MOVE = YES;
				CLANG_WARN_UNGUARDED_AVAILABILITY = YES_AGGRESSIVE;
				CLANG_WARN_UNREACHABLE_CODE = YES;
				CLANG_WARN__DUPLICATE_METHOD_MATCH = YES;
				COPY_PHASE_STRIP = NO;
				DEBUG_INFORMATION_FORMAT = "dwarf-with-dsym";
				ENABLE_NS_ASSERTIONS = NO;
				ENABLE_STRICT_OBJC_MSGSEND = YES;
				GCC_C_LANGUAGE_STANDARD = gnu11;
				GCC_NO_COMMON_BLOCKS = YES;
				GCC_WARN_64_TO_32_BIT_CONVERSION = YES;
				GCC_WARN_ABOUT_RETURN_TYPE = YES_ERROR;
				GCC_WARN_UNDECLARED_SELECTOR = YES;
				GCC_WARN_UNINITIALIZED_AUTOS = YES_AGGRESSIVE;
				GCC_WARN_UNUSED_FUNCTION = YES;
				GCC_WARN_UNUSED_VARIABLE = YES;
				IPHONEOS_DEPLOYMENT_TARGET = 16.0;
				MTL_ENABLE_DEBUG_INFO = NO;
				MTL_FAST_MATH = YES;
				SDKROOT = iphoneos;
				SWIFT_COMPILATION_MODE = wholemodule;
				SWIFT_OPTIMIZATION_LEVEL = "-O";
				VALIDATE_PRODUCT = YES;
			};
			name = Release;
		};
		B7A00C9028F2A7C300B90137 /* Debug */ = {
			isa = XCBuildConfiguration;
			buildSettings = {
				ALWAYS_EMBED_SWIFT_STANDARD_LIBRARIES = YES;
				ASSETCATALOG_COMPILER_APPICON_NAME = AppIcon;
				ASSETCATALOG_COMPILER_GLOBAL_ACCENT_COLOR_NAME = AccentColor;
				CODE_SIGN_ENTITLEMENTS = pipStocker/pipStocker.entitlements;
				CODE_SIGN_STYLE = Automatic;
				CURRENT_PROJECT_VERSION = 1;
				DEVELOPMENT_TEAM = 3S7EA557V7;
				GENERATE_INFOPLIST_FILE = YES;
				INFOPLIST_FILE = pipStocker/Info.plist;
				INFOPLIST_KEY_UIApplicationSupportsIndirectInputEvents = YES;
				INFOPLIST_KEY_UILaunchStoryboardName = LaunchScreen;
				INFOPLIST_KEY_UIMainStoryboardFile = Main;
				INFOPLIST_KEY_UISupportedInterfaceOrientations_iPad = "UIInterfaceOrientationPortrait UIInterfaceOrientationPortraitUpsideDown UIInterfaceOrientationLandscapeLeft UIInterfaceOrientationLandscapeRight";
				INFOPLIST_KEY_UISupportedInterfaceOrientations_iPhone = "UIInterfaceOrientationPortrait UIInterfaceOrientationLandscapeLeft UIInterfaceOrientationLandscapeRight";
				LD_RUNPATH_SEARCH_PATHS = (
					"$(inherited)",
					"@executable_path/Frameworks",
				);
				MARKETING_VERSION = 1.0;
				PRODUCT_BUNDLE_IDENTIFIER = com.hume.pipStocker;
				PRODUCT_NAME = "$(TARGET_NAME)";
				SWIFT_EMIT_LOC_STRINGS = YES;
				SWIFT_VERSION = 5.0;
				TARGETED_DEVICE_FAMILY = "1,2";
			};
			name = Debug;
		};
		B7A00C9128F2A7C300B90137 /* Release */ = {
			isa = XCBuildConfiguration;
			buildSettings = {
				ALWAYS_EMBED_SWIFT_STANDARD_LIBRARIES = YES;
				ASSETCATALOG_COMPILER_APPICON_NAME = AppIcon;
				ASSETCATALOG_COMPILER_GLOBAL_ACCENT_COLOR_NAME = AccentColor;
				CODE_SIGN_ENTITLEMENTS = pipStocker/pipStocker.entitlements;
				CODE_SIGN_STYLE = Automatic;
				CURRENT_PROJECT_VERSION = 1;
				DEVELOPMENT_TEAM = 3S7EA557V7;
				GENERATE_INFOPLIST_FILE = YES;
				INFOPLIST_FILE = pipStocker/Info.plist;
				INFOPLIST_KEY_UIApplicationSupportsIndirectInputEvents = YES;
				INFOPLIST_KEY_UILaunchStoryboardName = LaunchScreen;
				INFOPLIST_KEY_UIMainStoryboardFile = Main;
				INFOPLIST_KEY_UISupportedInterfaceOrientations_iPad = "UIInterfaceOrientationPortrait UIInterfaceOrientationPortraitUpsideDown UIInterfaceOrientationLandscapeLeft UIInterfaceOrientationLandscapeRight";
				INFOPLIST_KEY_UISupportedInterfaceOrientations_iPhone = "UIInterfaceOrientationPortrait UIInterfaceOrientationLandscapeLeft UIInterfaceOrientationLandscapeRight";
				LD_RUNPATH_SEARCH_PATHS = (
					"$(inherited)",
					"@executable_path/Frameworks",
				);
				MARKETING_VERSION = 1.0;
				PRODUCT_BUNDLE_IDENTIFIER = com.hume.pipStocker;
				PRODUCT_NAME = "$(TARGET_NAME)";
				SWIFT_EMIT_LOC_STRINGS = YES;
				SWIFT_VERSION = 5.0;
				TARGETED_DEVICE_FAMILY = "1,2";
			};
			name = Release;
		};
		B7A00C9328F2A7C300B90137 /* Debug */ = {
			isa = XCBuildConfiguration;
			buildSettings = {
				ALWAYS_EMBED_SWIFT_STANDARD_LIBRARIES = YES;
				BUNDLE_LOADER = "$(TEST_HOST)";
				CODE_SIGN_STYLE = Automatic;
				CURRENT_PROJECT_VERSION = 1;
				DEVELOPMENT_TEAM = 3S7EA557V7;
				GENERATE_INFOPLIST_FILE = YES;
				IPHONEOS_DEPLOYMENT_TARGET = 16.0;
				MARKETING_VERSION = 1.0;
				PRODUCT_BUNDLE_IDENTIFIER = com.hume.pipStockerTests;
				PRODUCT_NAME = "$(TARGET_NAME)";
				SWIFT_EMIT_LOC_STRINGS = NO;
				SWIFT_VERSION = 5.0;
				TARGETED_DEVICE_FAMILY = "1,2";
				TEST_HOST = "$(BUILT_PRODUCTS_DIR)/pipStocker.app/$(BUNDLE_EXECUTABLE_FOLDER_PATH)/pipStocker";
			};
			name = Debug;
		};
		B7A00C9428F2A7C300B90137 /* Release */ = {
			isa = XCBuildConfiguration;
			buildSettings = {
				ALWAYS_EMBED_SWIFT_STANDARD_LIBRARIES = YES;
				BUNDLE_LOADER = "$(TEST_HOST)";
				CODE_SIGN_STYLE = Automatic;
				CURRENT_PROJECT_VERSION = 1;
				DEVELOPMENT_TEAM = 3S7EA557V7;
				GENERATE_INFOPLIST_FILE = YES;
				IPHONEOS_DEPLOYMENT_TARGET = 16.0;
				MARKETING_VERSION = 1.0;
				PRODUCT_BUNDLE_IDENTIFIER = com.hume.pipStockerTests;
				PRODUCT_NAME = "$(TARGET_NAME)";
				SWIFT_EMIT_LOC_STRINGS = NO;
				SWIFT_VERSION = 5.0;
				TARGETED_DEVICE_FAMILY = "1,2";
				TEST_HOST = "$(BUILT_PRODUCTS_DIR)/pipStocker.app/$(BUNDLE_EXECUTABLE_FOLDER_PATH)/pipStocker";
			};
			name = Release;
		};
		B7A00C9628F2A7C300B90137 /* Debug */ = {
			isa = XCBuildConfiguration;
			buildSettings = {
				ALWAYS_EMBED_SWIFT_STANDARD_LIBRARIES = YES;
				CODE_SIGN_STYLE = Automatic;
				CURRENT_PROJECT_VERSION = 1;
				DEVELOPMENT_TEAM = 3S7EA557V7;
				GENERATE_INFOPLIST_FILE = YES;
				MARKETING_VERSION = 1.0;
				PRODUCT_BUNDLE_IDENTIFIER = com.hume.pipStockerUITests;
				PRODUCT_NAME = "$(TARGET_NAME)";
				SWIFT_EMIT_LOC_STRINGS = NO;
				SWIFT_VERSION = 5.0;
				TARGETED_DEVICE_FAMILY = "1,2";
				TEST_TARGET_NAME = pipStocker;
			};
			name = Debug;
		};
		B7A00C9728F2A7C300B90137 /* Release */ = {
			isa = XCBuildConfiguration;
			buildSettings = {
				ALWAYS_EMBED_SWIFT_STANDARD_LIBRARIES = YES;
				CODE_SIGN_STYLE = Automatic;
				CURRENT_PROJECT_VERSION = 1;
				DEVELOPMENT_TEAM = 3S7EA557V7;
				GENERATE_INFOPLIST_FILE = YES;
				MARKETING_VERSION = 1.0;
				PRODUCT_BUNDLE_IDENTIFIER = com.hume.pipStockerUITests;
				PRODUCT_NAME = "$(TARGET_NAME)";
				SWIFT_EMIT_LOC_STRINGS = NO;
				SWIFT_VERSION = 5.0;
				TARGETED_DEVICE_FAMILY = "1,2";
				TEST_TARGET_NAME = pipStocker;
			};
			name = Release;
		};
		B7A00CA828F2B0E300B90137 /* Debug */ = {
			isa = XCBuildConfiguration;
			buildSettings = {
				CODE_SIGN_ENTITLEMENTS = "pipStocker-extension/pipStocker-extension.entitlements";
				CODE_SIGN_STYLE = Automatic;
				CURRENT_PROJECT_VERSION = 1;
				DEVELOPMENT_TEAM = 3S7EA557V7;
				GENERATE_INFOPLIST_FILE = YES;
				INFOPLIST_FILE = "pipStocker-extension/Info.plist";
				INFOPLIST_KEY_CFBundleDisplayName = "pipStocker-extension";
				INFOPLIST_KEY_NSHumanReadableCopyright = "";
				LD_RUNPATH_SEARCH_PATHS = (
					"$(inherited)",
					"@executable_path/Frameworks",
					"@executable_path/../../Frameworks",
				);
				MARKETING_VERSION = 1.0;
				PRODUCT_BUNDLE_IDENTIFIER = "com.hume.pipStocker.pipStocker-extension";
				PRODUCT_NAME = "$(TARGET_NAME)";
				SKIP_INSTALL = YES;
				SWIFT_EMIT_LOC_STRINGS = YES;
				SWIFT_VERSION = 5.0;
				TARGETED_DEVICE_FAMILY = "1,2";
			};
			name = Debug;
		};
		B7A00CA928F2B0E300B90137 /* Release */ = {
			isa = XCBuildConfiguration;
			buildSettings = {
				CODE_SIGN_ENTITLEMENTS = "pipStocker-extension/pipStocker-extension.entitlements";
				CODE_SIGN_STYLE = Automatic;
				CURRENT_PROJECT_VERSION = 1;
				DEVELOPMENT_TEAM = 3S7EA557V7;
				GENERATE_INFOPLIST_FILE = YES;
				INFOPLIST_FILE = "pipStocker-extension/Info.plist";
				INFOPLIST_KEY_CFBundleDisplayName = "pipStocker-extension";
				INFOPLIST_KEY_NSHumanReadableCopyright = "";
				LD_RUNPATH_SEARCH_PATHS = (
					"$(inherited)",
					"@executable_path/Frameworks",
					"@executable_path/../../Frameworks",
				);
				MARKETING_VERSION = 1.0;
				PRODUCT_BUNDLE_IDENTIFIER = "com.hume.pipStocker.pipStocker-extension";
				PRODUCT_NAME = "$(TARGET_NAME)";
				SKIP_INSTALL = YES;
				SWIFT_EMIT_LOC_STRINGS = YES;
				SWIFT_VERSION = 5.0;
				TARGETED_DEVICE_FAMILY = "1,2";
			};
			name = Release;
		};
/* End XCBuildConfiguration section */

/* Begin XCConfigurationList section */
		B7A00C6028F2A7C100B90137 /* Build configuration list for PBXProject "pipStocker" */ = {
			isa = XCConfigurationList;
			buildConfigurations = (
				B7A00C8D28F2A7C300B90137 /* Debug */,
				B7A00C8E28F2A7C300B90137 /* Release */,
			);
			defaultConfigurationIsVisible = 0;
			defaultConfigurationName = Release;
		};
		B7A00C8F28F2A7C300B90137 /* Build configuration list for PBXNativeTarget "pipStocker" */ = {
			isa = XCConfigurationList;
			buildConfigurations = (
				B7A00C9028F2A7C300B90137 /* Debug */,
				B7A00C9128F2A7C300B90137 /* Release */,
			);
			defaultConfigurationIsVisible = 0;
			defaultConfigurationName = Release;
		};
		B7A00C9228F2A7C300B90137 /* Build configuration list for PBXNativeTarget "pipStockerTests" */ = {
			isa = XCConfigurationList;
			buildConfigurations = (
				B7A00C9328F2A7C300B90137 /* Debug */,
				B7A00C9428F2A7C300B90137 /* Release */,
			);
			defaultConfigurationIsVisible = 0;
			defaultConfigurationName = Release;
		};
		B7A00C9528F2A7C300B90137 /* Build configuration list for PBXNativeTarget "pipStockerUITests" */ = {
			isa = XCConfigurationList;
			buildConfigurations = (
				B7A00C9628F2A7C300B90137 /* Debug */,
				B7A00C9728F2A7C300B90137 /* Release */,
			);
			defaultConfigurationIsVisible = 0;
			defaultConfigurationName = Release;
		};
		B7A00CA728F2B0E300B90137 /* Build configuration list for PBXNativeTarget "pipStocker-extension" */ = {
			isa = XCConfigurationList;
			buildConfigurations = (
				B7A00CA828F2B0E300B90137 /* Debug */,
				B7A00CA928F2B0E300B90137 /* Release */,
			);
			defaultConfigurationIsVisible = 0;
			defaultConfigurationName = Release;
		};
/* End XCConfigurationList section */
	};
	rootObject = B7A00C5D28F2A7C100B90137 /* Project object */;
}
